{
  "name": "hekla-plugin-csv-reporter",
  "version": "0.0.0",
  "lockfileVersion": 1,
  "requires": true,
  "dependencies": {
    "csv-stringify": {
      "version": "5.3.3",
      "resolved": "https://registry.npmjs.org/csv-stringify/-/csv-stringify-5.3.3.tgz",
      "integrity": "sha512-q8Qj+/lN74LRmG7Mg0LauE5WcnJOD5MEGe1gI57IYJCB61KWuEbAFHm1uIPDkI26aqElyBB57SlE2GGwq2EY5A=="
    },
    "csv-stringify-as-promised": {
      "version": "2.0.7",
      "resolved": "https://registry.npmjs.org/csv-stringify-as-promised/-/csv-stringify-as-promised-2.0.7.tgz",
      "integrity": "sha512-P0K1ieNYe8jV+kPIgiaWhaUDTAm7o7d4h/AVPqES6E2H8fWHL1cXJ2TVBARWGyQokpJWxM98s2deMfSOCJ0E+w==",
      "requires": {
        "csv-stringify": "^5.3.3"
      }
    }
  }
}
